// !$*UTF8*$!
{
	archiveVersion = 1;
	classes = {
	};
	objectVersion = 51;
	objects = {

/* Begin PBXBuildFile section */
		186CCCCA267A017C00A97336 /* RxSwiftController.swift in Sources */ = {isa = PBXBuildFile; fileRef = 186CCCC9267A017C00A97336 /* RxSwiftController.swift */; };
		187F8660267AF669006D40ED /* OptionalModeController.swift in Sources */ = {isa = PBXBuildFile; fileRef = 187F865F267AF669006D40ED /* OptionalModeController.swift */; };
		18ACF5392667935B0049DB4E /* AppDelegate.swift in Sources */ = {isa = PBXBuildFile; fileRef = 18ACF5382667935B0049DB4E /* AppDelegate.swift */; };
		18ACF53B2667935B0049DB4E /* SceneDelegate.swift in Sources */ = {isa = PBXBuildFile; fileRef = 18ACF53A2667935B0049DB4E /* SceneDelegate.swift */; };
		18ACF53D2667935B0049DB4E /* ViewController.swift in Sources */ = {isa = PBXBuildFile; fileRef = 18ACF53C2667935B0049DB4E /* ViewController.swift */; };
		18ACF5402667935B0049DB4E /* Main.storyboard in Resources */ = {isa = PBXBuildFile; fileRef = 18ACF53E2667935B0049DB4E /* Main.storyboard */; };
		18ACF5422667935E0049DB4E /* Assets.xcassets in Resources */ = {isa = PBXBuildFile; fileRef = 18ACF5412667935E0049DB4E /* Assets.xcassets */; };
		18ACF5452667935E0049DB4E /* LaunchScreen.storyboard in Resources */ = {isa = PBXBuildFile; fileRef = 18ACF5432667935E0049DB4E /* LaunchScreen.storyboard */; };
		18ACF5502667935F0049DB4E /* TestSwiftApplicationTests.swift in Sources */ = {isa = PBXBuildFile; fileRef = 18ACF54F2667935F0049DB4E /* TestSwiftApplicationTests.swift */; };
		18ACF55B2667935F0049DB4E /* TestSwiftApplicationUITests.swift in Sources */ = {isa = PBXBuildFile; fileRef = 18ACF55A2667935F0049DB4E /* TestSwiftApplicationUITests.swift */; };
		18AE37BB267C82DD001CB064 /* Log.swift in Sources */ = {isa = PBXBuildFile; fileRef = 18AE37BA267C82DD001CB064 /* Log.swift */; };
		18D40EFC2671E15200A44280 /* SFScreenSizeTool.swift in Sources */ = {isa = PBXBuildFile; fileRef = 18D40EFB2671E15200A44280 /* SFScreenSizeTool.swift */; };
		18D40F022671E94600A44280 /* SFVideoListCell.swift in Sources */ = {isa = PBXBuildFile; fileRef = 18D40F002671E94600A44280 /* SFVideoListCell.swift */; };
		18D40F032671E94600A44280 /* SFVideoListCell.xib in Resources */ = {isa = PBXBuildFile; fileRef = 18D40F012671E94600A44280 /* SFVideoListCell.xib */; };
		1D0A26E327675046005CD9D4 /* ClassTorch.plist in Resources */ = {isa = PBXBuildFile; fileRef = 1D0A26E227675046005CD9D4 /* ClassTorch.plist */; };
		1D276E0026B7DC9700140AB7 /* JITelephoneInputTextField.m in Sources */ = {isa = PBXBuildFile; fileRef = 1D276DFE26B7DC9700140AB7 /* JITelephoneInputTextField.m */; };
		1D2FC29727DEDE2900CD1A6B /* CpLanguageController.m in Sources */ = {isa = PBXBuildFile; fileRef = 1D2FC29627DEDE2900CD1A6B /* CpLanguageController.m */; };
		1D2FC29827DEDE2900CD1A6B /* CpLanguageController.m in Sources */ = {isa = PBXBuildFile; fileRef = 1D2FC29627DEDE2900CD1A6B /* CpLanguageController.m */; };
		1D3D8AD2277D9377003618BA /* MemoryController.m in Sources */ = {isa = PBXBuildFile; fileRef = 1D3D8AD0277D9377003618BA /* MemoryController.m */; };
		1D3D8AD3277D9377003618BA /* MemoryController.xib in Resources */ = {isa = PBXBuildFile; fileRef = 1D3D8AD1277D9377003618BA /* MemoryController.xib */; };
		1D457B572755D645008D4B73 /* AlgorithmController.swift in Sources */ = {isa = PBXBuildFile; fileRef = CA5B1994267F4C6600B3FE69 /* AlgorithmController.swift */; };
		1D457B582755D645008D4B73 /* RxSwiftTimerController.swift in Sources */ = {isa = PBXBuildFile; fileRef = CA6558A6268381BC00182B92 /* RxSwiftTimerController.swift */; };
		1D457B592755D645008D4B73 /* SFVideoListCell.swift in Sources */ = {isa = PBXBuildFile; fileRef = 18D40F002671E94600A44280 /* SFVideoListCell.swift */; };
		1D457B5B2755D645008D4B73 /* KPerson.swift in Sources */ = {isa = PBXBuildFile; fileRef = CA5CAAAD267E29980085CE85 /* KPerson.swift */; };
		1D457B5C2755D645008D4B73 /* RxSwiftController.swift in Sources */ = {isa = PBXBuildFile; fileRef = 186CCCC9267A017C00A97336 /* RxSwiftController.swift */; };
		1D457B5D2755D645008D4B73 /* ReachabilityController.swift in Sources */ = {isa = PBXBuildFile; fileRef = 1DCCFCA8268C1FB6000B7E77 /* ReachabilityController.swift */; };
		1D457B5E2755D645008D4B73 /* ProcessInfoController.swift in Sources */ = {isa = PBXBuildFile; fileRef = 1D7AD3FD2684936D006A1F07 /* ProcessInfoController.swift */; };
		1D457B5F2755D645008D4B73 /* ViewController.swift in Sources */ = {isa = PBXBuildFile; fileRef = 18ACF53C2667935B0049DB4E /* ViewController.swift */; };
		1D457B602755D645008D4B73 /* OptionalModeController.swift in Sources */ = {isa = PBXBuildFile; fileRef = 187F865F267AF669006D40ED /* OptionalModeController.swift */; };
		1D457B612755D645008D4B73 /* RxSwiftCoreController.swift in Sources */ = {isa = PBXBuildFile; fileRef = 1D7AD3FB26845216006A1F07 /* RxSwiftCoreController.swift */; };
		1D457B622755D645008D4B73 /* CPlusViewController.mm in Sources */ = {isa = PBXBuildFile; fileRef = 1D89E2F826B298C20063F27F /* CPlusViewController.mm */; };
		1D457B632755D645008D4B73 /* ReachablityTool.swift in Sources */ = {isa = PBXBuildFile; fileRef = 1DCCFCC3268C7E23000B7E77 /* ReachablityTool.swift */; };
		1D457B642755D645008D4B73 /* AppDelegate.swift in Sources */ = {isa = PBXBuildFile; fileRef = 18ACF5382667935B0049DB4E /* AppDelegate.swift */; };
		1D457B652755D645008D4B73 /* CplusplusController.swift in Sources */ = {isa = PBXBuildFile; fileRef = 1D89E2F426B297AC0063F27F /* CplusplusController.swift */; };
		1D457B662755D645008D4B73 /* SceneDelegate.swift in Sources */ = {isa = PBXBuildFile; fileRef = 18ACF53A2667935B0049DB4E /* SceneDelegate.swift */; };
		1D457B682755D645008D4B73 /* SwiftFuncListCell.swift in Sources */ = {isa = PBXBuildFile; fileRef = CA5B1990267F4C4000B3FE69 /* SwiftFuncListCell.swift */; };
		1D457B692755D645008D4B73 /* RxSwiftTableViewUseController.swift in Sources */ = {isa = PBXBuildFile; fileRef = CA5CAAAF267E36AE0085CE85 /* RxSwiftTableViewUseController.swift */; };
		1D457B6B2755D645008D4B73 /* Log.swift in Sources */ = {isa = PBXBuildFile; fileRef = 18AE37BA267C82DD001CB064 /* Log.swift */; };
		1D457B6C2755D645008D4B73 /* CircleListController.swift in Sources */ = {isa = PBXBuildFile; fileRef = CA5B198E267F4AF900B3FE69 /* CircleListController.swift */; };
		1D457B6E2755D645008D4B73 /* JITelephoneInputTextField.m in Sources */ = {isa = PBXBuildFile; fileRef = 1D276DFE26B7DC9700140AB7 /* JITelephoneInputTextField.m */; };
		1D457B6F2755D645008D4B73 /* SFScreenSizeTool.swift in Sources */ = {isa = PBXBuildFile; fileRef = 18D40EFB2671E15200A44280 /* SFScreenSizeTool.swift */; };
		1D457B742755D645008D4B73 /* SFVideoListCell.xib in Resources */ = {isa = PBXBuildFile; fileRef = 18D40F012671E94600A44280 /* SFVideoListCell.xib */; };
		1D457B752755D645008D4B73 /* SwiftFuncListCell.xib in Resources */ = {isa = PBXBuildFile; fileRef = CA5B1991267F4C4000B3FE69 /* SwiftFuncListCell.xib */; };
		1D457B762755D645008D4B73 /* LaunchScreen.storyboard in Resources */ = {isa = PBXBuildFile; fileRef = 18ACF5432667935E0049DB4E /* LaunchScreen.storyboard */; };
		1D457B772755D645008D4B73 /* Assets.xcassets in Resources */ = {isa = PBXBuildFile; fileRef = 18ACF5412667935E0049DB4E /* Assets.xcassets */; };
		1D457B782755D645008D4B73 /* Main.storyboard in Resources */ = {isa = PBXBuildFile; fileRef = 18ACF53E2667935B0049DB4E /* Main.storyboard */; };
		1D457B7F2755F9AD008D4B73 /* ClassTorch.plist in Resources */ = {isa = PBXBuildFile; fileRef = 1D457B7E2755D645008D4B73 /* ClassTorch.plist */; };
		1D7AD3FC26845216006A1F07 /* RxSwiftCoreController.swift in Sources */ = {isa = PBXBuildFile; fileRef = 1D7AD3FB26845216006A1F07 /* RxSwiftCoreController.swift */; };
		1D7AD3FE2684936D006A1F07 /* ProcessInfoController.swift in Sources */ = {isa = PBXBuildFile; fileRef = 1D7AD3FD2684936D006A1F07 /* ProcessInfoController.swift */; };
		1D88542E27C6440300A875DA /* MemoryController.m in Sources */ = {isa = PBXBuildFile; fileRef = 1D3D8AD0277D9377003618BA /* MemoryController.m */; };
		1D89E2F526B297AC0063F27F /* CplusplusController.swift in Sources */ = {isa = PBXBuildFile; fileRef = 1D89E2F426B297AC0063F27F /* CplusplusController.swift */; };
		1D89E2F926B298C20063F27F /* CPlusViewController.mm in Sources */ = {isa = PBXBuildFile; fileRef = 1D89E2F826B298C20063F27F /* CPlusViewController.mm */; };
		1D903CBD283C7F050098A1FB /* RotationLinerController.swift in Sources */ = {isa = PBXBuildFile; fileRef = 1D903CBC283C7F050098A1FB /* RotationLinerController.swift */; };
		1DA5DC702834D6BE0055D12F /* CPlusArrayController.m in Sources */ = {isa = PBXBuildFile; fileRef = 1DA5DC6F2834D6BE0055D12F /* CPlusArrayController.m */; };
		1DB3BB1727E2E82500EF4ADE /* CLanguageController.m in Sources */ = {isa = PBXBuildFile; fileRef = 1DB3BB0627E2E82500EF4ADE /* CLanguageController.m */; };
		1DB3BB1827E2E82500EF4ADE /* CLanguageController.m in Sources */ = {isa = PBXBuildFile; fileRef = 1DB3BB0627E2E82500EF4ADE /* CLanguageController.m */; };
		1DB3BB1927E2E82500EF4ADE /* OperatorController.xib in Resources */ = {isa = PBXBuildFile; fileRef = 1DB3BB0827E2E82500EF4ADE /* OperatorController.xib */; };
		1DB3BB1A27E2E82500EF4ADE /* OperatorController.xib in Resources */ = {isa = PBXBuildFile; fileRef = 1DB3BB0827E2E82500EF4ADE /* OperatorController.xib */; };
		1DB3BB1B27E2E82500EF4ADE /* CharTypeController.m in Sources */ = {isa = PBXBuildFile; fileRef = 1DB3BB0A27E2E82500EF4ADE /* CharTypeController.m */; };
		1DB3BB1C27E2E82500EF4ADE /* CharTypeController.m in Sources */ = {isa = PBXBuildFile; fileRef = 1DB3BB0A27E2E82500EF4ADE /* CharTypeController.m */; };
		1DB3BB1D27E2E82500EF4ADE /* ArrayController.m in Sources */ = {isa = PBXBuildFile; fileRef = 1DB3BB0C27E2E82500EF4ADE /* ArrayController.m */; };
		1DB3BB1E27E2E82500EF4ADE /* ArrayController.m in Sources */ = {isa = PBXBuildFile; fileRef = 1DB3BB0C27E2E82500EF4ADE /* ArrayController.m */; };
		1DB3BB1F27E2E82500EF4ADE /* DataTypeVC.xib in Resources */ = {isa = PBXBuildFile; fileRef = 1DB3BB0D27E2E82500EF4ADE /* DataTypeVC.xib */; };
		1DB3BB2027E2E82500EF4ADE /* DataTypeVC.xib in Resources */ = {isa = PBXBuildFile; fileRef = 1DB3BB0D27E2E82500EF4ADE /* DataTypeVC.xib */; };
		1DB3BB2127E2E82500EF4ADE /* CIntroduceController.m in Sources */ = {isa = PBXBuildFile; fileRef = 1DB3BB0E27E2E82500EF4ADE /* CIntroduceController.m */; };
		1DB3BB2227E2E82500EF4ADE /* CIntroduceController.m in Sources */ = {isa = PBXBuildFile; fileRef = 1DB3BB0E27E2E82500EF4ADE /* CIntroduceController.m */; };
		1DB3BB2327E2E82500EF4ADE /* ArrayController.xib in Resources */ = {isa = PBXBuildFile; fileRef = 1DB3BB0F27E2E82500EF4ADE /* ArrayController.xib */; };
		1DB3BB2427E2E82500EF4ADE /* ArrayController.xib in Resources */ = {isa = PBXBuildFile; fileRef = 1DB3BB0F27E2E82500EF4ADE /* ArrayController.xib */; };
		1DB3BB2527E2E82500EF4ADE /* DataTypeVC.m in Sources */ = {isa = PBXBuildFile; fileRef = 1DB3BB1027E2E82500EF4ADE /* DataTypeVC.m */; };
		1DB3BB2627E2E82500EF4ADE /* DataTypeVC.m in Sources */ = {isa = PBXBuildFile; fileRef = 1DB3BB1027E2E82500EF4ADE /* DataTypeVC.m */; };
		1DB3BB2727E2E82500EF4ADE /* ByteViewController.m in Sources */ = {isa = PBXBuildFile; fileRef = 1DB3BB1227E2E82500EF4ADE /* ByteViewController.m */; };
		1DB3BB2827E2E82500EF4ADE /* ByteViewController.m in Sources */ = {isa = PBXBuildFile; fileRef = 1DB3BB1227E2E82500EF4ADE /* ByteViewController.m */; };
		1DB3BB2927E2E82500EF4ADE /* ByteController.swift in Sources */ = {isa = PBXBuildFile; fileRef = 1DB3BB1327E2E82500EF4ADE /* ByteController.swift */; };
		1DB3BB2A27E2E82500EF4ADE /* ByteController.swift in Sources */ = {isa = PBXBuildFile; fileRef = 1DB3BB1327E2E82500EF4ADE /* ByteController.swift */; };
		1DB3BB2B27E2E82500EF4ADE /* OperatorController.m in Sources */ = {isa = PBXBuildFile; fileRef = 1DB3BB1427E2E82500EF4ADE /* OperatorController.m */; };
		1DB3BB2C27E2E82500EF4ADE /* OperatorController.m in Sources */ = {isa = PBXBuildFile; fileRef = 1DB3BB1427E2E82500EF4ADE /* OperatorController.m */; };
		1DCCFCA9268C1FB6000B7E77 /* ReachabilityController.swift in Sources */ = {isa = PBXBuildFile; fileRef = 1DCCFCA8268C1FB6000B7E77 /* ReachabilityController.swift */; };
		1DCCFCC4268C7E23000B7E77 /* ReachablityTool.swift in Sources */ = {isa = PBXBuildFile; fileRef = 1DCCFCC3268C7E23000B7E77 /* ReachablityTool.swift */; };
		1DD9CC9327FC4CE20003EFF4 /* BarrageController.swift in Sources */ = {isa = PBXBuildFile; fileRef = 1DD9CC9227FC4CE20003EFF4 /* BarrageController.swift */; };
		1DD9CC9527FC4D7B0003EFF4 /* BarrageCell.swift in Sources */ = {isa = PBXBuildFile; fileRef = 1DD9CC9427FC4D7B0003EFF4 /* BarrageCell.swift */; };
		1DD9CC9B27FDBB990003EFF4 /* BarrageView.swift in Sources */ = {isa = PBXBuildFile; fileRef = 1DD9CC9A27FDBB990003EFF4 /* BarrageView.swift */; };
		1DFDD02A27EC6F7400689E0C /* FileStreamOperation.m in Sources */ = {isa = PBXBuildFile; fileRef = 1DFDD02927EC6F7400689E0C /* FileStreamOperation.m */; };
		2DD9417B60EFE5DA42B2A5E7 /* Pods_AbstractTarget_ClassTorch.framework in Frameworks */ = {isa = PBXBuildFile; fileRef = A5D4FB8EC9891913165B2633 /* Pods_AbstractTarget_ClassTorch.framework */; };
		C79BD17DB0BD919D2E1C16A6 /* Pods_AbstractTarget_TestSwiftApplication.framework in Frameworks */ = {isa = PBXBuildFile; fileRef = D4688DE3C60974C2DA17E615 /* Pods_AbstractTarget_TestSwiftApplication.framework */; };
		CA5B198F267F4AF900B3FE69 /* CircleListController.swift in Sources */ = {isa = PBXBuildFile; fileRef = CA5B198E267F4AF900B3FE69 /* CircleListController.swift */; };
		CA5B1992267F4C4000B3FE69 /* SwiftFuncListCell.swift in Sources */ = {isa = PBXBuildFile; fileRef = CA5B1990267F4C4000B3FE69 /* SwiftFuncListCell.swift */; };
		CA5B1993267F4C4000B3FE69 /* SwiftFuncListCell.xib in Resources */ = {isa = PBXBuildFile; fileRef = CA5B1991267F4C4000B3FE69 /* SwiftFuncListCell.xib */; };
		CA5B1995267F4C6600B3FE69 /* AlgorithmController.swift in Sources */ = {isa = PBXBuildFile; fileRef = CA5B1994267F4C6600B3FE69 /* AlgorithmController.swift */; };
		CA5CAAAE267E29980085CE85 /* KPerson.swift in Sources */ = {isa = PBXBuildFile; fileRef = CA5CAAAD267E29980085CE85 /* KPerson.swift */; };
		CA5CAAB0267E36AE0085CE85 /* RxSwiftTableViewUseController.swift in Sources */ = {isa = PBXBuildFile; fileRef = CA5CAAAF267E36AE0085CE85 /* RxSwiftTableViewUseController.swift */; };
		CA6558A7268381BC00182B92 /* RxSwiftTimerController.swift in Sources */ = {isa = PBXBuildFile; fileRef = CA6558A6268381BC00182B92 /* RxSwiftTimerController.swift */; };
/* End PBXBuildFile section */

/* Begin PBXContainerItemProxy section */
		18ACF54C2667935F0049DB4E /* PBXContainerItemProxy */ = {
			isa = PBXContainerItemProxy;
			containerPortal = 18ACF52D2667935B0049DB4E /* Project object */;
			proxyType = 1;
			remoteGlobalIDString = 18ACF5342667935B0049DB4E;
			remoteInfo = TestSwiftApplication;
		};
		18ACF5572667935F0049DB4E /* PBXContainerItemProxy */ = {
			isa = PBXContainerItemProxy;
			containerPortal = 18ACF52D2667935B0049DB4E /* Project object */;
			proxyType = 1;
			remoteGlobalIDString = 18ACF5342667935B0049DB4E;
			remoteInfo = TestSwiftApplication;
		};
/* End PBXContainerItemProxy section */

/* Begin PBXFileReference section */
		186CCCC9267A017C00A97336 /* RxSwiftController.swift */ = {isa = PBXFileReference; lastKnownFileType = sourcecode.swift; path = RxSwiftController.swift; sourceTree = "<group>"; };
		187F865F267AF669006D40ED /* OptionalModeController.swift */ = {isa = PBXFileReference; lastKnownFileType = sourcecode.swift; path = OptionalModeController.swift; sourceTree = "<group>"; };
		18ACF5352667935B0049DB4E /* TestSwiftApplication.app */ = {isa = PBXFileReference; explicitFileType = wrapper.application; includeInIndex = 0; path = TestSwiftApplication.app; sourceTree = BUILT_PRODUCTS_DIR; };
		18ACF5382667935B0049DB4E /* AppDelegate.swift */ = {isa = PBXFileReference; lastKnownFileType = sourcecode.swift; path = AppDelegate.swift; sourceTree = "<group>"; };
		18ACF53A2667935B0049DB4E /* SceneDelegate.swift */ = {isa = PBXFileReference; lastKnownFileType = sourcecode.swift; path = SceneDelegate.swift; sourceTree = "<group>"; };
		18ACF53C2667935B0049DB4E /* ViewController.swift */ = {isa = PBXFileReference; lastKnownFileType = sourcecode.swift; path = ViewController.swift; sourceTree = "<group>"; };
		18ACF53F2667935B0049DB4E /* Base */ = {isa = PBXFileReference; lastKnownFileType = file.storyboard; name = Base; path = Base.lproj/Main.storyboard; sourceTree = "<group>"; };
		18ACF5412667935E0049DB4E /* Assets.xcassets */ = {isa = PBXFileReference; lastKnownFileType = folder.assetcatalog; path = Assets.xcassets; sourceTree = "<group>"; };
		18ACF5442667935E0049DB4E /* Base */ = {isa = PBXFileReference; lastKnownFileType = file.storyboard; name = Base; path = Base.lproj/LaunchScreen.storyboard; sourceTree = "<group>"; };
		18ACF5462667935E0049DB4E /* Info.plist */ = {isa = PBXFileReference; lastKnownFileType = text.plist.xml; path = Info.plist; sourceTree = "<group>"; };
		18ACF54B2667935F0049DB4E /* TestSwiftApplicationTests.xctest */ = {isa = PBXFileReference; explicitFileType = wrapper.cfbundle; includeInIndex = 0; path = TestSwiftApplicationTests.xctest; sourceTree = BUILT_PRODUCTS_DIR; };
		18ACF54F2667935F0049DB4E /* TestSwiftApplicationTests.swift */ = {isa = PBXFileReference; lastKnownFileType = sourcecode.swift; path = TestSwiftApplicationTests.swift; sourceTree = "<group>"; };
		18ACF5512667935F0049DB4E /* Info.plist */ = {isa = PBXFileReference; lastKnownFileType = text.plist.xml; path = Info.plist; sourceTree = "<group>"; };
		18ACF5562667935F0049DB4E /* TestSwiftApplicationUITests.xctest */ = {isa = PBXFileReference; explicitFileType = wrapper.cfbundle; includeInIndex = 0; path = TestSwiftApplicationUITests.xctest; sourceTree = BUILT_PRODUCTS_DIR; };
		18ACF55A2667935F0049DB4E /* TestSwiftApplicationUITests.swift */ = {isa = PBXFileReference; lastKnownFileType = sourcecode.swift; path = TestSwiftApplicationUITests.swift; sourceTree = "<group>"; };
		18ACF55C2667935F0049DB4E /* Info.plist */ = {isa = PBXFileReference; lastKnownFileType = text.plist.xml; path = Info.plist; sourceTree = "<group>"; };
		18AE37BA267C82DD001CB064 /* Log.swift */ = {isa = PBXFileReference; lastKnownFileType = sourcecode.swift; path = Log.swift; sourceTree = "<group>"; };
		18D40EFB2671E15200A44280 /* SFScreenSizeTool.swift */ = {isa = PBXFileReference; fileEncoding = 4; lastKnownFileType = sourcecode.swift; path = SFScreenSizeTool.swift; sourceTree = "<group>"; };
		18D40F002671E94600A44280 /* SFVideoListCell.swift */ = {isa = PBXFileReference; lastKnownFileType = sourcecode.swift; path = SFVideoListCell.swift; sourceTree = "<group>"; };
		18D40F012671E94600A44280 /* SFVideoListCell.xib */ = {isa = PBXFileReference; lastKnownFileType = file.xib; path = SFVideoListCell.xib; sourceTree = "<group>"; };
		1D0A26E227675046005CD9D4 /* ClassTorch.plist */ = {isa = PBXFileReference; fileEncoding = 4; lastKnownFileType = text.plist.xml; path = ClassTorch.plist; sourceTree = "<group>"; };
		1D276DFE26B7DC9700140AB7 /* JITelephoneInputTextField.m */ = {isa = PBXFileReference; fileEncoding = 4; lastKnownFileType = sourcecode.c.objc; path = JITelephoneInputTextField.m; sourceTree = "<group>"; };
		1D276DFF26B7DC9700140AB7 /* JITelephoneInputTextField.h */ = {isa = PBXFileReference; fileEncoding = 4; lastKnownFileType = sourcecode.c.h; path = JITelephoneInputTextField.h; sourceTree = "<group>"; };
		1D2FC29527DEDE2900CD1A6B /* CpLanguageController.h */ = {isa = PBXFileReference; lastKnownFileType = sourcecode.c.h; path = CpLanguageController.h; sourceTree = "<group>"; };
		1D2FC29627DEDE2900CD1A6B /* CpLanguageController.m */ = {isa = PBXFileReference; lastKnownFileType = sourcecode.c.objc; path = CpLanguageController.m; sourceTree = "<group>"; };
		1D3D8ACF277D9377003618BA /* MemoryController.h */ = {isa = PBXFileReference; lastKnownFileType = sourcecode.c.h; path = MemoryController.h; sourceTree = "<group>"; };
		1D3D8AD0277D9377003618BA /* MemoryController.m */ = {isa = PBXFileReference; lastKnownFileType = sourcecode.c.objc; path = MemoryController.m; sourceTree = "<group>"; };
		1D3D8AD1277D9377003618BA /* MemoryController.xib */ = {isa = PBXFileReference; lastKnownFileType = file.xib; path = MemoryController.xib; sourceTree = "<group>"; };
		1D457B7D2755D645008D4B73 /* ClassTorch.app */ = {isa = PBXFileReference; explicitFileType = wrapper.application; includeInIndex = 0; path = ClassTorch.app; sourceTree = BUILT_PRODUCTS_DIR; };
		1D457B7E2755D645008D4B73 /* ClassTorch.plist */ = {isa = PBXFileReference; lastKnownFileType = text.plist.xml; name = ClassTorch.plist; path = /Users/keep/Desktop/SwiftSummary/ClassTorch.plist; sourceTree = "<absolute>"; };
		1D7AD3FB26845216006A1F07 /* RxSwiftCoreController.swift */ = {isa = PBXFileReference; lastKnownFileType = sourcecode.swift; path = RxSwiftCoreController.swift; sourceTree = "<group>"; };
		1D7AD3FD2684936D006A1F07 /* ProcessInfoController.swift */ = {isa = PBXFileReference; lastKnownFileType = sourcecode.swift; path = ProcessInfoController.swift; sourceTree = "<group>"; };
		1D89E2F426B297AC0063F27F /* CplusplusController.swift */ = {isa = PBXFileReference; lastKnownFileType = sourcecode.swift; path = CplusplusController.swift; sourceTree = "<group>"; };
		1D89E2F626B298C20063F27F /* TestSwiftApplication-Bridging-Header.h */ = {isa = PBXFileReference; lastKnownFileType = sourcecode.c.h; path = "TestSwiftApplication-Bridging-Header.h"; sourceTree = "<group>"; };
		1D89E2F726B298C20063F27F /* CPlusViewController.h */ = {isa = PBXFileReference; lastKnownFileType = sourcecode.c.h; path = CPlusViewController.h; sourceTree = "<group>"; };
		1D89E2F826B298C20063F27F /* CPlusViewController.mm */ = {isa = PBXFileReference; lastKnownFileType = sourcecode.cpp.objcpp; path = CPlusViewController.mm; sourceTree = "<group>"; };
		1D903CBC283C7F050098A1FB /* RotationLinerController.swift */ = {isa = PBXFileReference; lastKnownFileType = sourcecode.swift; path = RotationLinerController.swift; sourceTree = "<group>"; };
		1DA5DC6E2834D6BE0055D12F /* CPlusArrayController.h */ = {isa = PBXFileReference; lastKnownFileType = sourcecode.c.h; path = CPlusArrayController.h; sourceTree = "<group>"; };
		1DA5DC6F2834D6BE0055D12F /* CPlusArrayController.m */ = {isa = PBXFileReference; lastKnownFileType = sourcecode.c.objc; path = CPlusArrayController.m; sourceTree = "<group>"; };
		1DB3BB0527E2E82500EF4ADE /* CIntroduceController.h */ = {isa = PBXFileReference; fileEncoding = 4; lastKnownFileType = sourcecode.c.h; path = CIntroduceController.h; sourceTree = "<group>"; };
		1DB3BB0627E2E82500EF4ADE /* CLanguageController.m */ = {isa = PBXFileReference; fileEncoding = 4; lastKnownFileType = sourcecode.c.objc; path = CLanguageController.m; sourceTree = "<group>"; };
		1DB3BB0727E2E82500EF4ADE /* OperatorController.h */ = {isa = PBXFileReference; fileEncoding = 4; lastKnownFileType = sourcecode.c.h; path = OperatorController.h; sourceTree = "<group>"; };
		1DB3BB0827E2E82500EF4ADE /* OperatorController.xib */ = {isa = PBXFileReference; fileEncoding = 4; lastKnownFileType = file.xib; path = OperatorController.xib; sourceTree = "<group>"; };
		1DB3BB0927E2E82500EF4ADE /* ByteViewController.h */ = {isa = PBXFileReference; fileEncoding = 4; lastKnownFileType = sourcecode.c.h; path = ByteViewController.h; sourceTree = "<group>"; };
		1DB3BB0A27E2E82500EF4ADE /* CharTypeController.m */ = {isa = PBXFileReference; fileEncoding = 4; lastKnownFileType = sourcecode.c.objc; path = CharTypeController.m; sourceTree = "<group>"; };
		1DB3BB0B27E2E82500EF4ADE /* DataTypeVC.h */ = {isa = PBXFileReference; fileEncoding = 4; lastKnownFileType = sourcecode.c.h; path = DataTypeVC.h; sourceTree = "<group>"; };
		1DB3BB0C27E2E82500EF4ADE /* ArrayController.m */ = {isa = PBXFileReference; fileEncoding = 4; lastKnownFileType = sourcecode.c.objc; path = ArrayController.m; sourceTree = "<group>"; };
		1DB3BB0D27E2E82500EF4ADE /* DataTypeVC.xib */ = {isa = PBXFileReference; fileEncoding = 4; lastKnownFileType = file.xib; path = DataTypeVC.xib; sourceTree = "<group>"; };
		1DB3BB0E27E2E82500EF4ADE /* CIntroduceController.m */ = {isa = PBXFileReference; fileEncoding = 4; lastKnownFileType = sourcecode.c.objc; path = CIntroduceController.m; sourceTree = "<group>"; };
		1DB3BB0F27E2E82500EF4ADE /* ArrayController.xib */ = {isa = PBXFileReference; fileEncoding = 4; lastKnownFileType = file.xib; path = ArrayController.xib; sourceTree = "<group>"; };
		1DB3BB1027E2E82500EF4ADE /* DataTypeVC.m */ = {isa = PBXFileReference; fileEncoding = 4; lastKnownFileType = sourcecode.c.objc; path = DataTypeVC.m; sourceTree = "<group>"; };
		1DB3BB1127E2E82500EF4ADE /* CharTypeController.h */ = {isa = PBXFileReference; fileEncoding = 4; lastKnownFileType = sourcecode.c.h; path = CharTypeController.h; sourceTree = "<group>"; };
		1DB3BB1227E2E82500EF4ADE /* ByteViewController.m */ = {isa = PBXFileReference; fileEncoding = 4; lastKnownFileType = sourcecode.c.objc; path = ByteViewController.m; sourceTree = "<group>"; };
		1DB3BB1327E2E82500EF4ADE /* ByteController.swift */ = {isa = PBXFileReference; fileEncoding = 4; lastKnownFileType = sourcecode.swift; path = ByteController.swift; sourceTree = "<group>"; };
		1DB3BB1427E2E82500EF4ADE /* OperatorController.m */ = {isa = PBXFileReference; fileEncoding = 4; lastKnownFileType = sourcecode.c.objc; path = OperatorController.m; sourceTree = "<group>"; };
		1DB3BB1527E2E82500EF4ADE /* CLanguageController.h */ = {isa = PBXFileReference; fileEncoding = 4; lastKnownFileType = sourcecode.c.h; path = CLanguageController.h; sourceTree = "<group>"; };
		1DB3BB1627E2E82500EF4ADE /* ArrayController.h */ = {isa = PBXFileReference; fileEncoding = 4; lastKnownFileType = sourcecode.c.h; path = ArrayController.h; sourceTree = "<group>"; };
		1DCCFCA8268C1FB6000B7E77 /* ReachabilityController.swift */ = {isa = PBXFileReference; lastKnownFileType = sourcecode.swift; path = ReachabilityController.swift; sourceTree = "<group>"; };
		1DCCFCC3268C7E23000B7E77 /* ReachablityTool.swift */ = {isa = PBXFileReference; lastKnownFileType = sourcecode.swift; path = ReachablityTool.swift; sourceTree = "<group>"; };
		1DD9CC9227FC4CE20003EFF4 /* BarrageController.swift */ = {isa = PBXFileReference; lastKnownFileType = sourcecode.swift; path = BarrageController.swift; sourceTree = "<group>"; };
		1DD9CC9427FC4D7B0003EFF4 /* BarrageCell.swift */ = {isa = PBXFileReference; lastKnownFileType = sourcecode.swift; path = BarrageCell.swift; sourceTree = "<group>"; };
		1DD9CC9A27FDBB990003EFF4 /* BarrageView.swift */ = {isa = PBXFileReference; lastKnownFileType = sourcecode.swift; path = BarrageView.swift; sourceTree = "<group>"; };
		1DFDD02827EC6F7400689E0C /* FileStreamOperation.h */ = {isa = PBXFileReference; lastKnownFileType = sourcecode.c.h; path = FileStreamOperation.h; sourceTree = "<group>"; };
		1DFDD02927EC6F7400689E0C /* FileStreamOperation.m */ = {isa = PBXFileReference; lastKnownFileType = sourcecode.c.objc; path = FileStreamOperation.m; sourceTree = "<group>"; };
		2031D212734BF8FE37214FCB /* Pods-AbstractTarget-ClassTorch.debug.xcconfig */ = {isa = PBXFileReference; includeInIndex = 1; lastKnownFileType = text.xcconfig; name = "Pods-AbstractTarget-ClassTorch.debug.xcconfig"; path = "Target Support Files/Pods-AbstractTarget-ClassTorch/Pods-AbstractTarget-ClassTorch.debug.xcconfig"; sourceTree = "<group>"; };
		2C02542535A433957DBC3B73 /* Pods-TestSwiftApplication.release.xcconfig */ = {isa = PBXFileReference; includeInIndex = 1; lastKnownFileType = text.xcconfig; name = "Pods-TestSwiftApplication.release.xcconfig"; path = "Target Support Files/Pods-TestSwiftApplication/Pods-TestSwiftApplication.release.xcconfig"; sourceTree = "<group>"; };
		8A60BC5C3E3D083F529AFF9F /* Pods-TestSwiftApplication.debug.xcconfig */ = {isa = PBXFileReference; includeInIndex = 1; lastKnownFileType = text.xcconfig; name = "Pods-TestSwiftApplication.debug.xcconfig"; path = "Target Support Files/Pods-TestSwiftApplication/Pods-TestSwiftApplication.debug.xcconfig"; sourceTree = "<group>"; };
		A241D66A58EED4A8BFBD8B5D /* Pods-AbstractTarget-TestSwiftApplication.debug.xcconfig */ = {isa = PBXFileReference; includeInIndex = 1; lastKnownFileType = text.xcconfig; name = "Pods-AbstractTarget-TestSwiftApplication.debug.xcconfig"; path = "Target Support Files/Pods-AbstractTarget-TestSwiftApplication/Pods-AbstractTarget-TestSwiftApplication.debug.xcconfig"; sourceTree = "<group>"; };
		A5D4FB8EC9891913165B2633 /* Pods_AbstractTarget_ClassTorch.framework */ = {isa = PBXFileReference; explicitFileType = wrapper.framework; includeInIndex = 0; path = Pods_AbstractTarget_ClassTorch.framework; sourceTree = BUILT_PRODUCTS_DIR; };
		CA5B198E267F4AF900B3FE69 /* CircleListController.swift */ = {isa = PBXFileReference; lastKnownFileType = sourcecode.swift; path = CircleListController.swift; sourceTree = "<group>"; };
		CA5B1990267F4C4000B3FE69 /* SwiftFuncListCell.swift */ = {isa = PBXFileReference; fileEncoding = 4; lastKnownFileType = sourcecode.swift; path = SwiftFuncListCell.swift; sourceTree = "<group>"; };
		CA5B1991267F4C4000B3FE69 /* SwiftFuncListCell.xib */ = {isa = PBXFileReference; fileEncoding = 4; lastKnownFileType = file.xib; path = SwiftFuncListCell.xib; sourceTree = "<group>"; };
		CA5B1994267F4C6600B3FE69 /* AlgorithmController.swift */ = {isa = PBXFileReference; fileEncoding = 4; lastKnownFileType = sourcecode.swift; path = AlgorithmController.swift; sourceTree = "<group>"; };
		CA5CAAAD267E29980085CE85 /* KPerson.swift */ = {isa = PBXFileReference; lastKnownFileType = sourcecode.swift; path = KPerson.swift; sourceTree = "<group>"; };
		CA5CAAAF267E36AE0085CE85 /* RxSwiftTableViewUseController.swift */ = {isa = PBXFileReference; lastKnownFileType = sourcecode.swift; path = RxSwiftTableViewUseController.swift; sourceTree = "<group>"; };
		CA6558A6268381BC00182B92 /* RxSwiftTimerController.swift */ = {isa = PBXFileReference; lastKnownFileType = sourcecode.swift; path = RxSwiftTimerController.swift; sourceTree = "<group>"; };
		D4688DE3C60974C2DA17E615 /* Pods_AbstractTarget_TestSwiftApplication.framework */ = {isa = PBXFileReference; explicitFileType = wrapper.framework; includeInIndex = 0; path = Pods_AbstractTarget_TestSwiftApplication.framework; sourceTree = BUILT_PRODUCTS_DIR; };
		D551700B1B325D9260BA7B0E /* Pods-AbstractTarget-TestSwiftApplication.release.xcconfig */ = {isa = PBXFileReference; includeInIndex = 1; lastKnownFileType = text.xcconfig; name = "Pods-AbstractTarget-TestSwiftApplication.release.xcconfig"; path = "Target Support Files/Pods-AbstractTarget-TestSwiftApplication/Pods-AbstractTarget-TestSwiftApplication.release.xcconfig"; sourceTree = "<group>"; };
		D70F1EF8E165A141D71E8AAA /* Pods-AbstractTarget-ClassTorch.release.xcconfig */ = {isa = PBXFileReference; includeInIndex = 1; lastKnownFileType = text.xcconfig; name = "Pods-AbstractTarget-ClassTorch.release.xcconfig"; path = "Target Support Files/Pods-AbstractTarget-ClassTorch/Pods-AbstractTarget-ClassTorch.release.xcconfig"; sourceTree = "<group>"; };
/* End PBXFileReference section */

/* Begin PBXFrameworksBuildPhase section */
		18ACF5322667935B0049DB4E /* Frameworks */ = {
			isa = PBXFrameworksBuildPhase;
			buildActionMask = 2147483647;
			files = (
				C79BD17DB0BD919D2E1C16A6 /* Pods_AbstractTarget_TestSwiftApplication.framework in Frameworks */,
			);
			runOnlyForDeploymentPostprocessing = 0;
		};
		18ACF5482667935F0049DB4E /* Frameworks */ = {
			isa = PBXFrameworksBuildPhase;
			buildActionMask = 2147483647;
			files = (
			);
			runOnlyForDeploymentPostprocessing = 0;
		};
		18ACF5532667935F0049DB4E /* Frameworks */ = {
			isa = PBXFrameworksBuildPhase;
			buildActionMask = 2147483647;
			files = (
			);
			runOnlyForDeploymentPostprocessing = 0;
		};
		1D457B712755D645008D4B73 /* Frameworks */ = {
			isa = PBXFrameworksBuildPhase;
			buildActionMask = 2147483647;
			files = (
				2DD9417B60EFE5DA42B2A5E7 /* Pods_AbstractTarget_ClassTorch.framework in Frameworks */,
			);
			runOnlyForDeploymentPostprocessing = 0;
		};
/* End PBXFrameworksBuildPhase section */

/* Begin PBXGroup section */
		18ACF52C2667935B0049DB4E = {
			isa = PBXGroup;
			children = (
				18ACF5372667935B0049DB4E /* TestSwiftApplication */,
				18ACF54E2667935F0049DB4E /* TestSwiftApplicationTests */,
				18ACF5592667935F0049DB4E /* TestSwiftApplicationUITests */,
				18ACF5362667935B0049DB4E /* Products */,
				82A32E4B01D72B04A9A787AD /* Pods */,
				DFFCB8A220701AF7825A5EC4 /* Frameworks */,
				1D457B7E2755D645008D4B73 /* ClassTorch.plist */,
			);
			sourceTree = "<group>";
		};
		18ACF5362667935B0049DB4E /* Products */ = {
			isa = PBXGroup;
			children = (
				18ACF5352667935B0049DB4E /* TestSwiftApplication.app */,
				18ACF54B2667935F0049DB4E /* TestSwiftApplicationTests.xctest */,
				18ACF5562667935F0049DB4E /* TestSwiftApplicationUITests.xctest */,
				1D457B7D2755D645008D4B73 /* ClassTorch.app */,
			);
			name = Products;
			sourceTree = "<group>";
		};
		18ACF5372667935B0049DB4E /* TestSwiftApplication */ = {
			isa = PBXGroup;
			children = (
				1DB3BB0427E2E82500EF4ADE /* C */,
				1D3D8ACE277D8F68003618BA /* C++ */,
				1DFCDECB273141E8003041AF /* 算法 */,
				18ACF5382667935B0049DB4E /* AppDelegate.swift */,
				18ACF53A2667935B0049DB4E /* SceneDelegate.swift */,
				18ACF53C2667935B0049DB4E /* ViewController.swift */,
				CA5B198E267F4AF900B3FE69 /* CircleListController.swift */,
				1DCCFCA8268C1FB6000B7E77 /* ReachabilityController.swift */,
				1DCCFCC3268C7E23000B7E77 /* ReachablityTool.swift */,
				186CCCC9267A017C00A97336 /* RxSwiftController.swift */,
				1D89E2F426B297AC0063F27F /* CplusplusController.swift */,
				1D7AD3FB26845216006A1F07 /* RxSwiftCoreController.swift */,
				1D7AD3FD2684936D006A1F07 /* ProcessInfoController.swift */,
				CA6558A6268381BC00182B92 /* RxSwiftTimerController.swift */,
				CA5CAAAF267E36AE0085CE85 /* RxSwiftTableViewUseController.swift */,
				187F865F267AF669006D40ED /* OptionalModeController.swift */,
				1DD9CC9227FC4CE20003EFF4 /* BarrageController.swift */,
				1D903CBC283C7F050098A1FB /* RotationLinerController.swift */,
				1DD9CC9A27FDBB990003EFF4 /* BarrageView.swift */,
				1DD9CC9427FC4D7B0003EFF4 /* BarrageCell.swift */,
				18AE37BA267C82DD001CB064 /* Log.swift */,
				18D40F002671E94600A44280 /* SFVideoListCell.swift */,
				18D40F012671E94600A44280 /* SFVideoListCell.xib */,
				18D40EFB2671E15200A44280 /* SFScreenSizeTool.swift */,
				CA5CAAAD267E29980085CE85 /* KPerson.swift */,
				CA5B1990267F4C4000B3FE69 /* SwiftFuncListCell.swift */,
				1D276DFF26B7DC9700140AB7 /* JITelephoneInputTextField.h */,
				1D276DFE26B7DC9700140AB7 /* JITelephoneInputTextField.m */,
				CA5B1991267F4C4000B3FE69 /* SwiftFuncListCell.xib */,
				18ACF53E2667935B0049DB4E /* Main.storyboard */,
				18ACF5412667935E0049DB4E /* Assets.xcassets */,
				18ACF5432667935E0049DB4E /* LaunchScreen.storyboard */,
				18ACF5462667935E0049DB4E /* Info.plist */,
				1D89E2F626B298C20063F27F /* TestSwiftApplication-Bridging-Header.h */,
				1D0A26E227675046005CD9D4 /* ClassTorch.plist */,
			);
			path = TestSwiftApplication;
			sourceTree = "<group>";
		};
		18ACF54E2667935F0049DB4E /* TestSwiftApplicationTests */ = {
			isa = PBXGroup;
			children = (
				18ACF54F2667935F0049DB4E /* TestSwiftApplicationTests.swift */,
				18ACF5512667935F0049DB4E /* Info.plist */,
			);
			path = TestSwiftApplicationTests;
			sourceTree = "<group>";
		};
		18ACF5592667935F0049DB4E /* TestSwiftApplicationUITests */ = {
			isa = PBXGroup;
			children = (
				18ACF55A2667935F0049DB4E /* TestSwiftApplicationUITests.swift */,
				18ACF55C2667935F0049DB4E /* Info.plist */,
			);
			path = TestSwiftApplicationUITests;
			sourceTree = "<group>";
		};
		1D3D8ACE277D8F68003618BA /* C++ */ = {
			isa = PBXGroup;
			children = (
				1D89E2F726B298C20063F27F /* CPlusViewController.h */,
				1D89E2F826B298C20063F27F /* CPlusViewController.mm */,
				1D3D8ACF277D9377003618BA /* MemoryController.h */,
				1D3D8AD0277D9377003618BA /* MemoryController.m */,
				1D3D8AD1277D9377003618BA /* MemoryController.xib */,
				1D2FC29527DEDE2900CD1A6B /* CpLanguageController.h */,
				1D2FC29627DEDE2900CD1A6B /* CpLanguageController.m */,
				1DFDD02827EC6F7400689E0C /* FileStreamOperation.h */,
				1DFDD02927EC6F7400689E0C /* FileStreamOperation.m */,
				1DA5DC6E2834D6BE0055D12F /* CPlusArrayController.h */,
				1DA5DC6F2834D6BE0055D12F /* CPlusArrayController.m */,
			);
			path = "C++";
			sourceTree = "<group>";
		};
		1DB3BB0427E2E82500EF4ADE /* C */ = {
			isa = PBXGroup;
			children = (
				1DB3BB0527E2E82500EF4ADE /* CIntroduceController.h */,
				1DB3BB0E27E2E82500EF4ADE /* CIntroduceController.m */,
				1DB3BB0727E2E82500EF4ADE /* OperatorController.h */,
				1DB3BB0827E2E82500EF4ADE /* OperatorController.xib */,
				1DB3BB1127E2E82500EF4ADE /* CharTypeController.h */,
				1DB3BB0A27E2E82500EF4ADE /* CharTypeController.m */,
				1DB3BB0D27E2E82500EF4ADE /* DataTypeVC.xib */,
				1DB3BB0B27E2E82500EF4ADE /* DataTypeVC.h */,
				1DB3BB1027E2E82500EF4ADE /* DataTypeVC.m */,
				1DB3BB0927E2E82500EF4ADE /* ByteViewController.h */,
				1DB3BB1227E2E82500EF4ADE /* ByteViewController.m */,
				1DB3BB1327E2E82500EF4ADE /* ByteController.swift */,
				1DB3BB1427E2E82500EF4ADE /* OperatorController.m */,
				1DB3BB1527E2E82500EF4ADE /* CLanguageController.h */,
				1DB3BB0627E2E82500EF4ADE /* CLanguageController.m */,
				1DB3BB1627E2E82500EF4ADE /* ArrayController.h */,
				1DB3BB0C27E2E82500EF4ADE /* ArrayController.m */,
				1DB3BB0F27E2E82500EF4ADE /* ArrayController.xib */,
			);
			path = C;
			sourceTree = SOURCE_ROOT;
		};
		1DFCDECB273141E8003041AF /* 算法 */ = {
			isa = PBXGroup;
			children = (
				CA5B1994267F4C6600B3FE69 /* AlgorithmController.swift */,
			);
			path = "算法";
			sourceTree = "<group>";
		};
		82A32E4B01D72B04A9A787AD /* Pods */ = {
			isa = PBXGroup;
			children = (
				8A60BC5C3E3D083F529AFF9F /* Pods-TestSwiftApplication.debug.xcconfig */,
				2C02542535A433957DBC3B73 /* Pods-TestSwiftApplication.release.xcconfig */,
				2031D212734BF8FE37214FCB /* Pods-AbstractTarget-ClassTorch.debug.xcconfig */,
				D70F1EF8E165A141D71E8AAA /* Pods-AbstractTarget-ClassTorch.release.xcconfig */,
				A241D66A58EED4A8BFBD8B5D /* Pods-AbstractTarget-TestSwiftApplication.debug.xcconfig */,
				D551700B1B325D9260BA7B0E /* Pods-AbstractTarget-TestSwiftApplication.release.xcconfig */,
			);
			path = Pods;
			sourceTree = "<group>";
		};
		DFFCB8A220701AF7825A5EC4 /* Frameworks */ = {
			isa = PBXGroup;
			children = (
				A5D4FB8EC9891913165B2633 /* Pods_AbstractTarget_ClassTorch.framework */,
				D4688DE3C60974C2DA17E615 /* Pods_AbstractTarget_TestSwiftApplication.framework */,
			);
			name = Frameworks;
			sourceTree = "<group>";
		};
/* End PBXGroup section */

/* Begin PBXNativeTarget section */
		18ACF5342667935B0049DB4E /* TestSwiftApplication */ = {
			isa = PBXNativeTarget;
			buildConfigurationList = 18ACF55F2667935F0049DB4E /* Build configuration list for PBXNativeTarget "TestSwiftApplication" */;
			buildPhases = (
				B7136857665AE0C5BAE16ED0 /* [CP] Check Pods Manifest.lock */,
				18ACF5312667935B0049DB4E /* Sources */,
				18ACF5322667935B0049DB4E /* Frameworks */,
				18ACF5332667935B0049DB4E /* Resources */,
				E66E297B95A8C699F122570F /* [CP] Embed Pods Frameworks */,
			);
			buildRules = (
			);
			dependencies = (
			);
			name = TestSwiftApplication;
			productName = TestSwiftApplication;
			productReference = 18ACF5352667935B0049DB4E /* TestSwiftApplication.app */;
			productType = "com.apple.product-type.application";
		};
		18ACF54A2667935F0049DB4E /* TestSwiftApplicationTests */ = {
			isa = PBXNativeTarget;
			buildConfigurationList = 18ACF5622667935F0049DB4E /* Build configuration list for PBXNativeTarget "TestSwiftApplicationTests" */;
			buildPhases = (
				18ACF5472667935F0049DB4E /* Sources */,
				18ACF5482667935F0049DB4E /* Frameworks */,
				18ACF5492667935F0049DB4E /* Resources */,
			);
			buildRules = (
			);
			dependencies = (
				18ACF54D2667935F0049DB4E /* PBXTargetDependency */,
			);
			name = TestSwiftApplicationTests;
			productName = TestSwiftApplicationTests;
			productReference = 18ACF54B2667935F0049DB4E /* TestSwiftApplicationTests.xctest */;
			productType = "com.apple.product-type.bundle.unit-test";
		};
		18ACF5552667935F0049DB4E /* TestSwiftApplicationUITests */ = {
			isa = PBXNativeTarget;
			buildConfigurationList = 18ACF5652667935F0049DB4E /* Build configuration list for PBXNativeTarget "TestSwiftApplicationUITests" */;
			buildPhases = (
				18ACF5522667935F0049DB4E /* Sources */,
				18ACF5532667935F0049DB4E /* Frameworks */,
				18ACF5542667935F0049DB4E /* Resources */,
			);
			buildRules = (
			);
			dependencies = (
				18ACF5582667935F0049DB4E /* PBXTargetDependency */,
			);
			name = TestSwiftApplicationUITests;
			productName = TestSwiftApplicationUITests;
			productReference = 18ACF5562667935F0049DB4E /* TestSwiftApplicationUITests.xctest */;
			productType = "com.apple.product-type.bundle.ui-testing";
		};
		1D457B542755D645008D4B73 /* ClassTorch */ = {
			isa = PBXNativeTarget;
			buildConfigurationList = 1D457B7A2755D645008D4B73 /* Build configuration list for PBXNativeTarget "ClassTorch" */;
			buildPhases = (
				1D457B552755D645008D4B73 /* [CP] Check Pods Manifest.lock */,
				1D457B562755D645008D4B73 /* Sources */,
				1D457B712755D645008D4B73 /* Frameworks */,
				1D457B732755D645008D4B73 /* Resources */,
				1D457B792755D645008D4B73 /* [CP] Embed Pods Frameworks */,
			);
			buildRules = (
			);
			dependencies = (
			);
			name = ClassTorch;
			productName = TestSwiftApplication;
			productReference = 1D457B7D2755D645008D4B73 /* ClassTorch.app */;
			productType = "com.apple.product-type.application";
		};
/* End PBXNativeTarget section */

/* Begin PBXProject section */
		18ACF52D2667935B0049DB4E /* Project object */ = {
			isa = PBXProject;
			attributes = {
				LastSwiftUpdateCheck = 1230;
				LastUpgradeCheck = 1230;
				TargetAttributes = {
					18ACF5342667935B0049DB4E = {
						CreatedOnToolsVersion = 12.3;
						LastSwiftMigration = 1250;
					};
					18ACF54A2667935F0049DB4E = {
						CreatedOnToolsVersion = 12.3;
						TestTargetID = 18ACF5342667935B0049DB4E;
					};
					18ACF5552667935F0049DB4E = {
						CreatedOnToolsVersion = 12.3;
						TestTargetID = 18ACF5342667935B0049DB4E;
					};
				};
			};
			buildConfigurationList = 18ACF5302667935B0049DB4E /* Build configuration list for PBXProject "TestSwiftApplication" */;
			compatibilityVersion = "Xcode 9.3";
			developmentRegion = en;
			hasScannedForEncodings = 0;
			knownRegions = (
				en,
				Base,
			);
			mainGroup = 18ACF52C2667935B0049DB4E;
			productRefGroup = 18ACF5362667935B0049DB4E /* Products */;
			projectDirPath = "";
			projectRoot = "";
			targets = (
				18ACF5342667935B0049DB4E /* TestSwiftApplication */,
				18ACF54A2667935F0049DB4E /* TestSwiftApplicationTests */,
				18ACF5552667935F0049DB4E /* TestSwiftApplicationUITests */,
				1D457B542755D645008D4B73 /* ClassTorch */,
			);
		};
/* End PBXProject section */

/* Begin PBXResourcesBuildPhase section */
		18ACF5332667935B0049DB4E /* Resources */ = {
			isa = PBXResourcesBuildPhase;
			buildActionMask = 2147483647;
			files = (
				1D3D8AD3277D9377003618BA /* MemoryController.xib in Resources */,
				1DB3BB2327E2E82500EF4ADE /* ArrayController.xib in Resources */,
				18D40F032671E94600A44280 /* SFVideoListCell.xib in Resources */,
				1D0A26E327675046005CD9D4 /* ClassTorch.plist in Resources */,
				CA5B1993267F4C4000B3FE69 /* SwiftFuncListCell.xib in Resources */,
				18ACF5452667935E0049DB4E /* LaunchScreen.storyboard in Resources */,
				18ACF5422667935E0049DB4E /* Assets.xcassets in Resources */,
				18ACF5402667935B0049DB4E /* Main.storyboard in Resources */,
				1DB3BB1F27E2E82500EF4ADE /* DataTypeVC.xib in Resources */,
				1DB3BB1927E2E82500EF4ADE /* OperatorController.xib in Resources */,
			);
			runOnlyForDeploymentPostprocessing = 0;
		};
		18ACF5492667935F0049DB4E /* Resources */ = {
			isa = PBXResourcesBuildPhase;
			buildActionMask = 2147483647;
			files = (
			);
			runOnlyForDeploymentPostprocessing = 0;
		};
		18ACF5542667935F0049DB4E /* Resources */ = {
			isa = PBXResourcesBuildPhase;
			buildActionMask = 2147483647;
			files = (
			);
			runOnlyForDeploymentPostprocessing = 0;
		};
		1D457B732755D645008D4B73 /* Resources */ = {
			isa = PBXResourcesBuildPhase;
			buildActionMask = 2147483647;
			files = (
				1D457B742755D645008D4B73 /* SFVideoListCell.xib in Resources */,
				1D457B752755D645008D4B73 /* SwiftFuncListCell.xib in Resources */,
				1D457B7F2755F9AD008D4B73 /* ClassTorch.plist in Resources */,
				1DB3BB2427E2E82500EF4ADE /* ArrayController.xib in Resources */,
				1D457B762755D645008D4B73 /* LaunchScreen.storyboard in Resources */,
				1DB3BB2027E2E82500EF4ADE /* DataTypeVC.xib in Resources */,
				1D457B772755D645008D4B73 /* Assets.xcassets in Resources */,
				1DB3BB1A27E2E82500EF4ADE /* OperatorController.xib in Resources */,
				1D457B782755D645008D4B73 /* Main.storyboard in Resources */,
			);
			runOnlyForDeploymentPostprocessing = 0;
		};
/* End PBXResourcesBuildPhase section */

/* Begin PBXShellScriptBuildPhase section */
		1D457B552755D645008D4B73 /* [CP] Check Pods Manifest.lock */ = {
			isa = PBXShellScriptBuildPhase;
			buildActionMask = 2147483647;
			files = (
			);
			inputFileListPaths = (
			);
			inputPaths = (
				"${PODS_PODFILE_DIR_PATH}/Podfile.lock",
				"${PODS_ROOT}/Manifest.lock",
			);
			name = "[CP] Check Pods Manifest.lock";
			outputFileListPaths = (
			);
			outputPaths = (
				"$(DERIVED_FILE_DIR)/Pods-AbstractTarget-ClassTorch-checkManifestLockResult.txt",
			);
			runOnlyForDeploymentPostprocessing = 0;
			shellPath = /bin/sh;
			shellScript = "diff \"${PODS_PODFILE_DIR_PATH}/Podfile.lock\" \"${PODS_ROOT}/Manifest.lock\" > /dev/null\nif [ $? != 0 ] ; then\n    # print error to STDERR\n    echo \"error: The sandbox is not in sync with the Podfile.lock. Run 'pod install' or update your CocoaPods installation.\" >&2\n    exit 1\nfi\n# This output is used by Xcode 'outputs' to avoid re-running this script phase.\necho \"SUCCESS\" > \"${SCRIPT_OUTPUT_FILE_0}\"\n";
			showEnvVarsInLog = 0;
		};
		1D457B792755D645008D4B73 /* [CP] Embed Pods Frameworks */ = {
			isa = PBXShellScriptBuildPhase;
			buildActionMask = 2147483647;
			files = (
			);
			inputFileListPaths = (
				"${PODS_ROOT}/Target Support Files/Pods-AbstractTarget-ClassTorch/Pods-AbstractTarget-ClassTorch-frameworks-${CONFIGURATION}-input-files.xcfilelist",
			);
			name = "[CP] Embed Pods Frameworks";
			outputFileListPaths = (
				"${PODS_ROOT}/Target Support Files/Pods-AbstractTarget-ClassTorch/Pods-AbstractTarget-ClassTorch-frameworks-${CONFIGURATION}-output-files.xcfilelist",
			);
			runOnlyForDeploymentPostprocessing = 0;
			shellPath = /bin/sh;
			shellScript = "\"${PODS_ROOT}/Target Support Files/Pods-AbstractTarget-ClassTorch/Pods-AbstractTarget-ClassTorch-frameworks.sh\"\n";
			showEnvVarsInLog = 0;
		};
		B7136857665AE0C5BAE16ED0 /* [CP] Check Pods Manifest.lock */ = {
			isa = PBXShellScriptBuildPhase;
			buildActionMask = 2147483647;
			files = (
			);
			inputFileListPaths = (
			);
			inputPaths = (
				"${PODS_PODFILE_DIR_PATH}/Podfile.lock",
				"${PODS_ROOT}/Manifest.lock",
			);
			name = "[CP] Check Pods Manifest.lock";
			outputFileListPaths = (
			);
			outputPaths = (
				"$(DERIVED_FILE_DIR)/Pods-AbstractTarget-TestSwiftApplication-checkManifestLockResult.txt",
			);
			runOnlyForDeploymentPostprocessing = 0;
			shellPath = /bin/sh;
			shellScript = "diff \"${PODS_PODFILE_DIR_PATH}/Podfile.lock\" \"${PODS_ROOT}/Manifest.lock\" > /dev/null\nif [ $? != 0 ] ; then\n    # print error to STDERR\n    echo \"error: The sandbox is not in sync with the Podfile.lock. Run 'pod install' or update your CocoaPods installation.\" >&2\n    exit 1\nfi\n# This output is used by Xcode 'outputs' to avoid re-running this script phase.\necho \"SUCCESS\" > \"${SCRIPT_OUTPUT_FILE_0}\"\n";
			showEnvVarsInLog = 0;
		};
		E66E297B95A8C699F122570F /* [CP] Embed Pods Frameworks */ = {
			isa = PBXShellScriptBuildPhase;
			buildActionMask = 2147483647;
			files = (
			);
			inputFileListPaths = (
				"${PODS_ROOT}/Target Support Files/Pods-AbstractTarget-TestSwiftApplication/Pods-AbstractTarget-TestSwiftApplication-frameworks-${CONFIGURATION}-input-files.xcfilelist",
			);
			name = "[CP] Embed Pods Frameworks";
			outputFileListPaths = (
				"${PODS_ROOT}/Target Support Files/Pods-AbstractTarget-TestSwiftApplication/Pods-AbstractTarget-TestSwiftApplication-frameworks-${CONFIGURATION}-output-files.xcfilelist",
			);
			runOnlyForDeploymentPostprocessing = 0;
			shellPath = /bin/sh;
			shellScript = "\"${PODS_ROOT}/Target Support Files/Pods-AbstractTarget-TestSwiftApplication/Pods-AbstractTarget-TestSwiftApplication-frameworks.sh\"\n";
			showEnvVarsInLog = 0;
		};
/* End PBXShellScriptBuildPhase section */

/* Begin PBXSourcesBuildPhase section */
		18ACF5312667935B0049DB4E /* Sources */ = {
			isa = PBXSourcesBuildPhase;
			buildActionMask = 2147483647;
			files = (
				1DB3BB2127E2E82500EF4ADE /* CIntroduceController.m in Sources */,
				CA5B1995267F4C6600B3FE69 /* AlgorithmController.swift in Sources */,
				CA6558A7268381BC00182B92 /* RxSwiftTimerController.swift in Sources */,
				1D3D8AD2277D9377003618BA /* MemoryController.m in Sources */,
				18D40F022671E94600A44280 /* SFVideoListCell.swift in Sources */,
				CA5CAAAE267E29980085CE85 /* KPerson.swift in Sources */,
				186CCCCA267A017C00A97336 /* RxSwiftController.swift in Sources */,
				1DCCFCA9268C1FB6000B7E77 /* ReachabilityController.swift in Sources */,
				1DB3BB2B27E2E82500EF4ADE /* OperatorController.m in Sources */,
				1D7AD3FE2684936D006A1F07 /* ProcessInfoController.swift in Sources */,
				1DD9CC9B27FDBB990003EFF4 /* BarrageView.swift in Sources */,
				18ACF53D2667935B0049DB4E /* ViewController.swift in Sources */,
				187F8660267AF669006D40ED /* OptionalModeController.swift in Sources */,
				1D7AD3FC26845216006A1F07 /* RxSwiftCoreController.swift in Sources */,
				1DFDD02A27EC6F7400689E0C /* FileStreamOperation.m in Sources */,
				1DB3BB2727E2E82500EF4ADE /* ByteViewController.m in Sources */,
				1DB3BB1727E2E82500EF4ADE /* CLanguageController.m in Sources */,
				1D89E2F926B298C20063F27F /* CPlusViewController.mm in Sources */,
				1DCCFCC4268C7E23000B7E77 /* ReachablityTool.swift in Sources */,
				18ACF5392667935B0049DB4E /* AppDelegate.swift in Sources */,
				1DB3BB2927E2E82500EF4ADE /* ByteController.swift in Sources */,
				1D89E2F526B297AC0063F27F /* CplusplusController.swift in Sources */,
				18ACF53B2667935B0049DB4E /* SceneDelegate.swift in Sources */,
				1D2FC29727DEDE2900CD1A6B /* CpLanguageController.m in Sources */,
				1DB3BB1B27E2E82500EF4ADE /* CharTypeController.m in Sources */,
				1DB3BB2527E2E82500EF4ADE /* DataTypeVC.m in Sources */,
				CA5B1992267F4C4000B3FE69 /* SwiftFuncListCell.swift in Sources */,
				1DA5DC702834D6BE0055D12F /* CPlusArrayController.m in Sources */,
				1DD9CC9527FC4D7B0003EFF4 /* BarrageCell.swift in Sources */,
				CA5CAAB0267E36AE0085CE85 /* RxSwiftTableViewUseController.swift in Sources */,
				18AE37BB267C82DD001CB064 /* Log.swift in Sources */,
				CA5B198F267F4AF900B3FE69 /* CircleListController.swift in Sources */,
				1D903CBD283C7F050098A1FB /* RotationLinerController.swift in Sources */,
				1D276E0026B7DC9700140AB7 /* JITelephoneInputTextField.m in Sources */,
				18D40EFC2671E15200A44280 /* SFScreenSizeTool.swift in Sources */,
				1DB3BB1D27E2E82500EF4ADE /* ArrayController.m in Sources */,
				1DD9CC9327FC4CE20003EFF4 /* BarrageController.swift in Sources */,
			);
			runOnlyForDeploymentPostprocessing = 0;
		};
		18ACF5472667935F0049DB4E /* Sources */ = {
			isa = PBXSourcesBuildPhase;
			buildActionMask = 2147483647;
			files = (
				18ACF5502667935F0049DB4E /* TestSwiftApplicationTests.swift in Sources */,
			);
			runOnlyForDeploymentPostprocessing = 0;
		};
		18ACF5522667935F0049DB4E /* Sources */ = {
			isa = PBXSourcesBuildPhase;
			buildActionMask = 2147483647;
			files = (
				18ACF55B2667935F0049DB4E /* TestSwiftApplicationUITests.swift in Sources */,
			);
			runOnlyForDeploymentPostprocessing = 0;
		};
		1D457B562755D645008D4B73 /* Sources */ = {
			isa = PBXSourcesBuildPhase;
			buildActionMask = 2147483647;
			files = (
				1DB3BB2227E2E82500EF4ADE /* CIntroduceController.m in Sources */,
				1D88542E27C6440300A875DA /* MemoryController.m in Sources */,
				1D457B572755D645008D4B73 /* AlgorithmController.swift in Sources */,
				1D457B582755D645008D4B73 /* RxSwiftTimerController.swift in Sources */,
				1D457B592755D645008D4B73 /* SFVideoListCell.swift in Sources */,
				1D457B5B2755D645008D4B73 /* KPerson.swift in Sources */,
				1D457B5C2755D645008D4B73 /* RxSwiftController.swift in Sources */,
				1D457B5D2755D645008D4B73 /* ReachabilityController.swift in Sources */,
				1DB3BB2C27E2E82500EF4ADE /* OperatorController.m in Sources */,
				1D457B5E2755D645008D4B73 /* ProcessInfoController.swift in Sources */,
				1D457B5F2755D645008D4B73 /* ViewController.swift in Sources */,
				1D457B602755D645008D4B73 /* OptionalModeController.swift in Sources */,
				1D457B612755D645008D4B73 /* RxSwiftCoreController.swift in Sources */,
				1DB3BB2827E2E82500EF4ADE /* ByteViewController.m in Sources */,
				1DB3BB1827E2E82500EF4ADE /* CLanguageController.m in Sources */,
				1D457B622755D645008D4B73 /* CPlusViewController.mm in Sources */,
				1D457B632755D645008D4B73 /* ReachablityTool.swift in Sources */,
				1D457B642755D645008D4B73 /* AppDelegate.swift in Sources */,
				1DB3BB2A27E2E82500EF4ADE /* ByteController.swift in Sources */,
				1D457B652755D645008D4B73 /* CplusplusController.swift in Sources */,
				1D457B662755D645008D4B73 /* SceneDelegate.swift in Sources */,
				1D2FC29827DEDE2900CD1A6B /* CpLanguageController.m in Sources */,
				1DB3BB1C27E2E82500EF4ADE /* CharTypeController.m in Sources */,
				1DB3BB2627E2E82500EF4ADE /* DataTypeVC.m in Sources */,
				1D457B682755D645008D4B73 /* SwiftFuncListCell.swift in Sources */,
				1D457B692755D645008D4B73 /* RxSwiftTableViewUseController.swift in Sources */,
				1D457B6B2755D645008D4B73 /* Log.swift in Sources */,
				1D457B6C2755D645008D4B73 /* CircleListController.swift in Sources */,
				1D457B6E2755D645008D4B73 /* JITelephoneInputTextField.m in Sources */,
				1D457B6F2755D645008D4B73 /* SFScreenSizeTool.swift in Sources */,
				1DB3BB1E27E2E82500EF4ADE /* ArrayController.m in Sources */,
			);
			runOnlyForDeploymentPostprocessing = 0;
		};
/* End PBXSourcesBuildPhase section */

/* Begin PBXTargetDependency section */
		18ACF54D2667935F0049DB4E /* PBXTargetDependency */ = {
			isa = PBXTargetDependency;
			target = 18ACF5342667935B0049DB4E /* TestSwiftApplication */;
			targetProxy = 18ACF54C2667935F0049DB4E /* PBXContainerItemProxy */;
		};
		18ACF5582667935F0049DB4E /* PBXTargetDependency */ = {
			isa = PBXTargetDependency;
			target = 18ACF5342667935B0049DB4E /* TestSwiftApplication */;
			targetProxy = 18ACF5572667935F0049DB4E /* PBXContainerItemProxy */;
		};
/* End PBXTargetDependency section */

/* Begin PBXVariantGroup section */
		18ACF53E2667935B0049DB4E /* Main.storyboard */ = {
			isa = PBXVariantGroup;
			children = (
				18ACF53F2667935B0049DB4E /* Base */,
			);
			name = Main.storyboard;
			sourceTree = "<group>";
		};
		18ACF5432667935E0049DB4E /* LaunchScreen.storyboard */ = {
			isa = PBXVariantGroup;
			children = (
				18ACF5442667935E0049DB4E /* Base */,
			);
			name = LaunchScreen.storyboard;
			sourceTree = "<group>";
		};
/* End PBXVariantGroup section */

/* Begin XCBuildConfiguration section */
		18ACF55D2667935F0049DB4E /* Debug */ = {
			isa = XCBuildConfiguration;
			buildSettings = {
				ALWAYS_SEARCH_USER_PATHS = NO;
				CLANG_ANALYZER_NONNULL = YES;
				CLANG_ANALYZER_NUMBER_OBJECT_CONVERSION = YES_AGGRESSIVE;
				CLANG_CXX_LANGUAGE_STANDARD = "gnu++14";
				CLANG_CXX_LIBRARY = "libc++";
				CLANG_ENABLE_MODULES = YES;
				CLANG_ENABLE_OBJC_ARC = YES;
				CLANG_ENABLE_OBJC_WEAK = YES;
				CLANG_WARN_BLOCK_CAPTURE_AUTORELEASING = YES;
				CLANG_WARN_BOOL_CONVERSION = YES;
				CLANG_WARN_COMMA = YES;
				CLANG_WARN_CONSTANT_CONVERSION = YES;
				CLANG_WARN_DEPRECATED_OBJC_IMPLEMENTATIONS = YES;
				CLANG_WARN_DIRECT_OBJC_ISA_USAGE = YES_ERROR;
				CLANG_WARN_DOCUMENTATION_COMMENTS = YES;
				CLANG_WARN_EMPTY_BODY = YES;
				CLANG_WARN_ENUM_CONVERSION = YES;
				CLANG_WARN_INFINITE_RECURSION = YES;
				CLANG_WARN_INT_CONVERSION = YES;
				CLANG_WARN_NON_LITERAL_NULL_CONVERSION = YES;
				CLANG_WARN_OBJC_IMPLICIT_RETAIN_SELF = YES;
				CLANG_WARN_OBJC_LITERAL_CONVERSION = YES;
				CLANG_WARN_OBJC_ROOT_CLASS = YES_ERROR;
				CLANG_WARN_QUOTED_INCLUDE_IN_FRAMEWORK_HEADER = YES;
				CLANG_WARN_RANGE_LOOP_ANALYSIS = YES;
				CLANG_WARN_STRICT_PROTOTYPES = YES;
				CLANG_WARN_SUSPICIOUS_MOVE = YES;
				CLANG_WARN_UNGUARDED_AVAILABILITY = YES_AGGRESSIVE;
				CLANG_WARN_UNREACHABLE_CODE = YES;
				CLANG_WARN__DUPLICATE_METHOD_MATCH = YES;
				COPY_PHASE_STRIP = NO;
				DEBUG_INFORMATION_FORMAT = dwarf;
				ENABLE_STRICT_OBJC_MSGSEND = YES;
				ENABLE_TESTABILITY = YES;
				GCC_C_LANGUAGE_STANDARD = gnu11;
				GCC_DYNAMIC_NO_PIC = NO;
				GCC_NO_COMMON_BLOCKS = YES;
				GCC_OPTIMIZATION_LEVEL = 0;
				GCC_PREPROCESSOR_DEFINITIONS = (
					"DEBUG=1",
					"$(inherited)",
				);
				GCC_WARN_64_TO_32_BIT_CONVERSION = YES;
				GCC_WARN_ABOUT_RETURN_TYPE = YES_ERROR;
				GCC_WARN_UNDECLARED_SELECTOR = YES;
				GCC_WARN_UNINITIALIZED_AUTOS = YES_AGGRESSIVE;
				GCC_WARN_UNUSED_FUNCTION = YES;
				GCC_WARN_UNUSED_VARIABLE = YES;
				IPHONEOS_DEPLOYMENT_TARGET = 14.3;
				MTL_ENABLE_DEBUG_INFO = INCLUDE_SOURCE;
				MTL_FAST_MATH = YES;
				ONLY_ACTIVE_ARCH = YES;
				SDKROOT = iphoneos;
				SWIFT_ACTIVE_COMPILATION_CONDITIONS = DEBUG;
				SWIFT_OPTIMIZATION_LEVEL = "-Onone";
			};
			name = Debug;
		};
		18ACF55E2667935F0049DB4E /* Release */ = {
			isa = XCBuildConfiguration;
			buildSettings = {
				ALWAYS_SEARCH_USER_PATHS = NO;
				CLANG_ANALYZER_NONNULL = YES;
				CLANG_ANALYZER_NUMBER_OBJECT_CONVERSION = YES_AGGRESSIVE;
				CLANG_CXX_LANGUAGE_STANDARD = "gnu++14";
				CLANG_CXX_LIBRARY = "libc++";
				CLANG_ENABLE_MODULES = YES;
				CLANG_ENABLE_OBJC_ARC = YES;
				CLANG_ENABLE_OBJC_WEAK = YES;
				CLANG_WARN_BLOCK_CAPTURE_AUTORELEASING = YES;
				CLANG_WARN_BOOL_CONVERSION = YES;
				CLANG_WARN_COMMA = YES;
				CLANG_WARN_CONSTANT_CONVERSION = YES;
				CLANG_WARN_DEPRECATED_OBJC_IMPLEMENTATIONS = YES;
				CLANG_WARN_DIRECT_OBJC_ISA_USAGE = YES_ERROR;
				CLANG_WARN_DOCUMENTATION_COMMENTS = YES;
				CLANG_WARN_EMPTY_BODY = YES;
				CLANG_WARN_ENUM_CONVERSION = YES;
				CLANG_WARN_INFINITE_RECURSION = YES;
				CLANG_WARN_INT_CONVERSION = YES;
				CLANG_WARN_NON_LITERAL_NULL_CONVERSION = YES;
				CLANG_WARN_OBJC_IMPLICIT_RETAIN_SELF = YES;
				CLANG_WARN_OBJC_LITERAL_CONVERSION = YES;
				CLANG_WARN_OBJC_ROOT_CLASS = YES_ERROR;
				CLANG_WARN_QUOTED_INCLUDE_IN_FRAMEWORK_HEADER = YES;
				CLANG_WARN_RANGE_LOOP_ANALYSIS = YES;
				CLANG_WARN_STRICT_PROTOTYPES = YES;
				CLANG_WARN_SUSPICIOUS_MOVE = YES;
				CLANG_WARN_UNGUARDED_AVAILABILITY = YES_AGGRESSIVE;
				CLANG_WARN_UNREACHABLE_CODE = YES;
				CLANG_WARN__DUPLICATE_METHOD_MATCH = YES;
				COPY_PHASE_STRIP = NO;
				DEBUG_INFORMATION_FORMAT = "dwarf-with-dsym";
				ENABLE_NS_ASSERTIONS = NO;
				ENABLE_STRICT_OBJC_MSGSEND = YES;
				GCC_C_LANGUAGE_STANDARD = gnu11;
				GCC_NO_COMMON_BLOCKS = YES;
				GCC_WARN_64_TO_32_BIT_CONVERSION = YES;
				GCC_WARN_ABOUT_RETURN_TYPE = YES_ERROR;
				GCC_WARN_UNDECLARED_SELECTOR = YES;
				GCC_WARN_UNINITIALIZED_AUTOS = YES_AGGRESSIVE;
				GCC_WARN_UNUSED_FUNCTION = YES;
				GCC_WARN_UNUSED_VARIABLE = YES;
				IPHONEOS_DEPLOYMENT_TARGET = 14.3;
				MTL_ENABLE_DEBUG_INFO = NO;
				MTL_FAST_MATH = YES;
				SDKROOT = iphoneos;
				SWIFT_COMPILATION_MODE = wholemodule;
				SWIFT_OPTIMIZATION_LEVEL = "-O";
				VALIDATE_PRODUCT = YES;
			};
			name = Release;
		};
		18ACF5602667935F0049DB4E /* Debug */ = {
			isa = XCBuildConfiguration;
			baseConfigurationReference = A241D66A58EED4A8BFBD8B5D /* Pods-AbstractTarget-TestSwiftApplication.debug.xcconfig */;
			buildSettings = {
				ASSETCATALOG_COMPILER_APPICON_NAME = AppIcon;
				ASSETCATALOG_COMPILER_GLOBAL_ACCENT_COLOR_NAME = AccentColor;
				CLANG_ENABLE_MODULES = YES;
				CODE_SIGN_IDENTITY = "Apple Development";
				CODE_SIGN_STYLE = Automatic;
				DEVELOPMENT_TEAM = 5QK82N24SZ;
				INFOPLIST_FILE = TestSwiftApplication/Info.plist;
				IPHONEOS_DEPLOYMENT_TARGET = 10.0;
				LD_RUNPATH_SEARCH_PATHS = (
					"$(inherited)",
					"@executable_path/Frameworks",
				);
				PRODUCT_BUNDLE_IDENTIFIER = com.keep.test;
				PRODUCT_NAME = "$(TARGET_NAME)";
				PROVISIONING_PROFILE_SPECIFIER = "";
				SWIFT_OBJC_BRIDGING_HEADER = "TestSwiftApplication/TestSwiftApplication-Bridging-Header.h";
				SWIFT_OPTIMIZATION_LEVEL = "-Onone";
				SWIFT_VERSION = 5.0;
				TARGETED_DEVICE_FAMILY = "1,2";
			};
			name = Debug;
		};
		18ACF5612667935F0049DB4E /* Release */ = {
			isa = XCBuildConfiguration;
			baseConfigurationReference = D551700B1B325D9260BA7B0E /* Pods-AbstractTarget-TestSwiftApplication.release.xcconfig */;
			buildSettings = {
				ASSETCATALOG_COMPILER_APPICON_NAME = AppIcon;
				ASSETCATALOG_COMPILER_GLOBAL_ACCENT_COLOR_NAME = AccentColor;
				CLANG_ENABLE_MODULES = YES;
				CODE_SIGN_IDENTITY = "Apple Development";
				CODE_SIGN_STYLE = Automatic;
				DEVELOPMENT_TEAM = 5QK82N24SZ;
				INFOPLIST_FILE = TestSwiftApplication/Info.plist;
				IPHONEOS_DEPLOYMENT_TARGET = 10.0;
				LD_RUNPATH_SEARCH_PATHS = (
					"$(inherited)",
					"@executable_path/Frameworks",
				);
				PRODUCT_BUNDLE_IDENTIFIER = com.keep.test;
				PRODUCT_NAME = "$(TARGET_NAME)";
				PROVISIONING_PROFILE_SPECIFIER = "";
				SWIFT_OBJC_BRIDGING_HEADER = "TestSwiftApplication/TestSwiftApplication-Bridging-Header.h";
				SWIFT_VERSION = 5.0;
				TARGETED_DEVICE_FAMILY = "1,2";
			};
			name = Release;
		};
		18ACF5632667935F0049DB4E /* Debug */ = {
			isa = XCBuildConfiguration;
			buildSettings = {
				ALWAYS_EMBED_SWIFT_STANDARD_LIBRARIES = YES;
				BUNDLE_LOADER = "$(TEST_HOST)";
				CODE_SIGN_STYLE = Automatic;
				INFOPLIST_FILE = TestSwiftApplicationTests/Info.plist;
				IPHONEOS_DEPLOYMENT_TARGET = 14.3;
				LD_RUNPATH_SEARCH_PATHS = (
					"$(inherited)",
					"@executable_path/Frameworks",
					"@loader_path/Frameworks",
				);
				PRODUCT_BUNDLE_IDENTIFIER = com.dognzi.test.TestSwiftApplicationTests;
				PRODUCT_NAME = "$(TARGET_NAME)";
				SWIFT_VERSION = 5.0;
				TARGETED_DEVICE_FAMILY = "1,2";
				TEST_HOST = "$(BUILT_PRODUCTS_DIR)/TestSwiftApplication.app/TestSwiftApplication";
			};
			name = Debug;
		};
		18ACF5642667935F0049DB4E /* Release */ = {
			isa = XCBuildConfiguration;
			buildSettings = {
				ALWAYS_EMBED_SWIFT_STANDARD_LIBRARIES = YES;
				BUNDLE_LOADER = "$(TEST_HOST)";
				CODE_SIGN_STYLE = Automatic;
				INFOPLIST_FILE = TestSwiftApplicationTests/Info.plist;
				IPHONEOS_DEPLOYMENT_TARGET = 14.3;
				LD_RUNPATH_SEARCH_PATHS = (
					"$(inherited)",
					"@executable_path/Frameworks",
					"@loader_path/Frameworks",
				);
				PRODUCT_BUNDLE_IDENTIFIER = com.dognzi.test.TestSwiftApplicationTests;
				PRODUCT_NAME = "$(TARGET_NAME)";
				SWIFT_VERSION = 5.0;
				TARGETED_DEVICE_FAMILY = "1,2";
				TEST_HOST = "$(BUILT_PRODUCTS_DIR)/TestSwiftApplication.app/TestSwiftApplication";
			};
			name = Release;
		};
		18ACF5662667935F0049DB4E /* Debug */ = {
			isa = XCBuildConfiguration;
			buildSettings = {
				ALWAYS_EMBED_SWIFT_STANDARD_LIBRARIES = YES;
				CODE_SIGN_STYLE = Automatic;
				INFOPLIST_FILE = TestSwiftApplicationUITests/Info.plist;
				LD_RUNPATH_SEARCH_PATHS = (
					"$(inherited)",
					"@executable_path/Frameworks",
					"@loader_path/Frameworks",
				);
				PRODUCT_BUNDLE_IDENTIFIER = com.dognzi.test.TestSwiftApplicationUITests;
				PRODUCT_NAME = "$(TARGET_NAME)";
				SWIFT_VERSION = 5.0;
				TARGETED_DEVICE_FAMILY = "1,2";
				TEST_TARGET_NAME = TestSwiftApplication;
			};
			name = Debug;
		};
		18ACF5672667935F0049DB4E /* Release */ = {
			isa = XCBuildConfiguration;
			buildSettings = {
				ALWAYS_EMBED_SWIFT_STANDARD_LIBRARIES = YES;
				CODE_SIGN_STYLE = Automatic;
				INFOPLIST_FILE = TestSwiftApplicationUITests/Info.plist;
				LD_RUNPATH_SEARCH_PATHS = (
					"$(inherited)",
					"@executable_path/Frameworks",
					"@loader_path/Frameworks",
				);
				PRODUCT_BUNDLE_IDENTIFIER = com.dognzi.test.TestSwiftApplicationUITests;
				PRODUCT_NAME = "$(TARGET_NAME)";
				SWIFT_VERSION = 5.0;
				TARGETED_DEVICE_FAMILY = "1,2";
				TEST_TARGET_NAME = TestSwiftApplication;
			};
			name = Release;
		};
		1D457B7B2755D645008D4B73 /* Debug */ = {
			isa = XCBuildConfiguration;
			baseConfigurationReference = 2031D212734BF8FE37214FCB /* Pods-AbstractTarget-ClassTorch.debug.xcconfig */;
			buildSettings = {
				ASSETCATALOG_COMPILER_APPICON_NAME = AppIcon;
				ASSETCATALOG_COMPILER_GLOBAL_ACCENT_COLOR_NAME = AccentColor;
				CLANG_ENABLE_MODULES = YES;
				CODE_SIGN_IDENTITY = "Apple Development";
				CODE_SIGN_STYLE = Automatic;
				DEVELOPMENT_TEAM = 5QK82N24SZ;
				GENERATE_INFOPLIST_FILE = YES;
				INFOPLIST_FILE = ClassTorch.plist;
				INFOPLIST_KEY_CFBundleDisplayName = "薪伙科技";
				INFOPLIST_KEY_UIApplicationSupportsIndirectInputEvents = YES;
				INFOPLIST_KEY_UILaunchStoryboardName = LaunchScreen;
				INFOPLIST_KEY_UIMainStoryboardFile = Main;
				INFOPLIST_KEY_UIRequiredDeviceCapabilities = armv7;
				INFOPLIST_KEY_UISupportedInterfaceOrientations = "UIInterfaceOrientationPortrait UIInterfaceOrientationLandscapeLeft UIInterfaceOrientationLandscapeRight";
				INFOPLIST_KEY_UISupportedInterfaceOrientations_iPad = "UIInterfaceOrientationPortrait UIInterfaceOrientationPortraitUpsideDown UIInterfaceOrientationLandscapeLeft UIInterfaceOrientationLandscapeRight";
				IPHONEOS_DEPLOYMENT_TARGET = 10.0;
				LD_RUNPATH_SEARCH_PATHS = (
					"$(inherited)",
					"@executable_path/Frameworks",
				);
				OTHER_SWIFT_FLAGS = "$(inherited) -D COCOAPODS -DClassTorch";
				PRODUCT_BUNDLE_IDENTIFIER = com.keep.test;
				PRODUCT_NAME = "$(TARGET_NAME)";
				PROVISIONING_PROFILE_SPECIFIER = "";
				SWIFT_OBJC_BRIDGING_HEADER = "TestSwiftApplication/TestSwiftApplication-Bridging-Header.h";
				SWIFT_OPTIMIZATION_LEVEL = "-Onone";
				SWIFT_VERSION = 5.0;
				TARGETED_DEVICE_FAMILY = "1,2";
			};
			name = Debug;
		};
		1D457B7C2755D645008D4B73 /* Release */ = {
			isa = XCBuildConfiguration;
			baseConfigurationReference = D70F1EF8E165A141D71E8AAA /* Pods-AbstractTarget-ClassTorch.release.xcconfig */;
			buildSettings = {
				ASSETCATALOG_COMPILER_APPICON_NAME = AppIcon;
				ASSETCATALOG_COMPILER_GLOBAL_ACCENT_COLOR_NAME = AccentColor;
				CLANG_ENABLE_MODULES = YES;
				CODE_SIGN_IDENTITY = "Apple Development";
				CODE_SIGN_STYLE = Automatic;
				DEVELOPMENT_TEAM = 5QK82N24SZ;
				GENERATE_INFOPLIST_FILE = YES;
				INFOPLIST_FILE = ClassTorch.plist;
				INFOPLIST_KEY_CFBundleDisplayName = "薪伙科技";
				INFOPLIST_KEY_UIApplicationSupportsIndirectInputEvents = YES;
				INFOPLIST_KEY_UILaunchStoryboardName = LaunchScreen;
				INFOPLIST_KEY_UIMainStoryboardFile = Main;
				INFOPLIST_KEY_UIRequiredDeviceCapabilities = armv7;
				INFOPLIST_KEY_UISupportedInterfaceOrientations = "UIInterfaceOrientationPortrait UIInterfaceOrientationLandscapeLeft UIInterfaceOrientationLandscapeRight";
				INFOPLIST_KEY_UISupportedInterfaceOrientations_iPad = "UIInterfaceOrientationPortrait UIInterfaceOrientationPortraitUpsideDown UIInterfaceOrientationLandscapeLeft UIInterfaceOrientationLandscapeRight";
				IPHONEOS_DEPLOYMENT_TARGET = 10.0;
				LD_RUNPATH_SEARCH_PATHS = (
					"$(inherited)",
					"@executable_path/Frameworks",
				);
				OTHER_SWIFT_FLAGS = "$(inherited) -D COCOAPODS -DClassTorch";
				PRODUCT_BUNDLE_IDENTIFIER = com.keep.test;
				PRODUCT_NAME = "$(TARGET_NAME)";
				PROVISIONING_PROFILE_SPECIFIER = "";
				SWIFT_OBJC_BRIDGING_HEADER = "TestSwiftApplication/TestSwiftApplication-Bridging-Header.h";
				SWIFT_VERSION = 5.0;
				TARGETED_DEVICE_FAMILY = "1,2";
			};
			name = Release;
		};
/* End XCBuildConfiguration section */

/* Begin XCConfigurationList section */
		18ACF5302667935B0049DB4E /* Build configuration list for PBXProject "TestSwiftApplication" */ = {
			isa = XCConfigurationList;
			buildConfigurations = (
				18ACF55D2667935F0049DB4E /* Debug */,
				18ACF55E2667935F0049DB4E /* Release */,
			);
			defaultConfigurationIsVisible = 0;
			defaultConfigurationName = Release;
		};
		18ACF55F2667935F0049DB4E /* Build configuration list for PBXNativeTarget "TestSwiftApplication" */ = {
			isa = XCConfigurationList;
			buildConfigurations = (
				18ACF5602667935F0049DB4E /* Debug */,
				18ACF5612667935F0049DB4E /* Release */,
			);
			defaultConfigurationIsVisible = 0;
			defaultConfigurationName = Release;
		};
		18ACF5622667935F0049DB4E /* Build configuration list for PBXNativeTarget "TestSwiftApplicationTests" */ = {
			isa = XCConfigurationList;
			buildConfigurations = (
				18ACF5632667935F0049DB4E /* Debug */,
				18ACF5642667935F0049DB4E /* Release */,
			);
			defaultConfigurationIsVisible = 0;
			defaultConfigurationName = Release;
		};
		18ACF5652667935F0049DB4E /* Build configuration list for PBXNativeTarget "TestSwiftApplicationUITests" */ = {
			isa = XCConfigurationList;
			buildConfigurations = (
				18ACF5662667935F0049DB4E /* Debug */,
				18ACF5672667935F0049DB4E /* Release */,
			);
			defaultConfigurationIsVisible = 0;
			defaultConfigurationName = Release;
		};
		1D457B7A2755D645008D4B73 /* Build configuration list for PBXNativeTarget "ClassTorch" */ = {
			isa = XCConfigurationList;
			buildConfigurations = (
				1D457B7B2755D645008D4B73 /* Debug */,
				1D457B7C2755D645008D4B73 /* Release */,
			);
			defaultConfigurationIsVisible = 0;
			defaultConfigurationName = Release;
		};
/* End XCConfigurationList section */
	};
	rootObject = 18ACF52D2667935B0049DB4E /* Project object */;
}
